
Microsoft Visual Studio Solution File, Format Version 12.00
# Visual Studio 2013
VisualStudioVersion = 12.0.21005.1
MinimumVisualStudioVersion = 10.0.40219.1
Project("{FAE04EC0-301F-11D3-BF4B-00C04F79EFBC}") = "Sourcerer", "Sourcerer\Sourcerer.csproj", "{8F4105F0-7A5F-4AA3-94B8-DFFDC955EC05}"
EndProject
Project("{FAE04EC0-301F-11D3-BF4B-00C04F79EFBC}") = "Sourcerer.UnitTests", "Sourcerer.UnitTests\Sourcerer.UnitTests.csproj", "{137A6B56-29E0-4017-8739-3C07235A9F1A}"
EndProject
Project("{FAE04EC0-301F-11D3-BF4B-00C04F79EFBC}") = "Sourcerer.SchemaUpgradeTests.v1", "Sourcerer.SchemaUpgradeTests.v1\Sourcerer.SchemaUpgradeTests.v1.csproj", "{0C48BA3A-0EF5-4D4F-9199-8D8491CB8EB8}"
EndProject
Project("{FAE04EC0-301F-11D3-BF4B-00C04F79EFBC}") = "Sourcerer.SchemaUpgradeTests.v2", "Sourcerer.SchemaUpgradeTests.v2\Sourcerer.SchemaUpgradeTests.v2.csproj", "{333CEEDC-B74C-4E81-BBF8-33F52F6F5C7C}"
EndProject
Global
	GlobalSection(SolutionConfigurationPlatforms) = preSolution
		Debug|Any CPU = Debug|Any CPU
		Release|Any CPU = Release|Any CPU
	EndGlobalSection
	GlobalSection(ProjectConfigurationPlatforms) = postSolution
		{8F4105F0-7A5F-4AA3-94B8-DFFDC955EC05}.Debug|Any CPU.ActiveCfg = Debug|Any CPU
		{8F4105F0-7A5F-4AA3-94B8-DFFDC955EC05}.Debug|Any CPU.Build.0 = Debug|Any CPU
		{8F4105F0-7A5F-4AA3-94B8-DFFDC955EC05}.Release|Any CPU.ActiveCfg = Release|Any CPU
		{8F4105F0-7A5F-4AA3-94B8-DFFDC955EC05}.Release|Any CPU.Build.0 = Release|Any CPU
		{137A6B56-29E0-4017-8739-3C07235A9F1A}.Debug|Any CPU.ActiveCfg = Debug|Any CPU
		{137A6B56-29E0-4017-8739-3C07235A9F1A}.Debug|Any CPU.Build.0 = Debug|Any CPU
		{137A6B56-29E0-4017-8739-3C07235A9F1A}.Release|Any CPU.ActiveCfg = Release|Any CPU
		{137A6B56-29E0-4017-8739-3C07235A9F1A}.Release|Any CPU.Build.0 = Release|Any CPU
		{0C48BA3A-0EF5-4D4F-9199-8D8491CB8EB8}.Debug|Any CPU.ActiveCfg = Debug|Any CPU
		{0C48BA3A-0EF5-4D4F-9199-8D8491CB8EB8}.Debug|Any CPU.Build.0 = Debug|Any CPU
		{0C48BA3A-0EF5-4D4F-9199-8D8491CB8EB8}.Release|Any CPU.ActiveCfg = Release|Any CPU
		{0C48BA3A-0EF5-4D4F-9199-8D8491CB8EB8}.Release|Any CPU.Build.0 = Release|Any CPU
		{333CEEDC-B74C-4E81-BBF8-33F52F6F5C7C}.Debug|Any CPU.ActiveCfg = Debug|Any CPU
		{333CEEDC-B74C-4E81-BBF8-33F52F6F5C7C}.Debug|Any CPU.Build.0 = Debug|Any CPU
		{333CEEDC-B74C-4E81-BBF8-33F52F6F5C7C}.Release|Any CPU.ActiveCfg = Release|Any CPU
		{333CEEDC-B74C-4E81-BBF8-33F52F6F5C7C}.Release|Any CPU.Build.0 = Release|Any CPU
	EndGlobalSection
	GlobalSection(SolutionProperties) = preSolution
		HideSolutionNode = FALSE
	EndGlobalSection
EndGlobal
